// !$*UTF8*$!
{
	archiveVersion = 1;
	classes = {
	};
	objectVersion = 56;
	objects = {

/* Begin PBXBuildFile section */
		71368D8629757964005E8ADB /* AppDelegate.swift in Sources */ = {isa = PBXBuildFile; fileRef = 71368D8529757964005E8ADB /* AppDelegate.swift */; };
		71368D8829757964005E8ADB /* SceneDelegate.swift in Sources */ = {isa = PBXBuildFile; fileRef = 71368D8729757964005E8ADB /* SceneDelegate.swift */; };
		71368D8A29757964005E8ADB /* ViewController.swift in Sources */ = {isa = PBXBuildFile; fileRef = 71368D8929757964005E8ADB /* ViewController.swift */; };
		71368D8D29757964005E8ADB /* Main.storyboard in Resources */ = {isa = PBXBuildFile; fileRef = 71368D8B29757964005E8ADB /* Main.storyboard */; };
		71368D8F29757965005E8ADB /* Assets.xcassets in Resources */ = {isa = PBXBuildFile; fileRef = 71368D8E29757965005E8ADB /* Assets.xcassets */; };
		71368D9229757965005E8ADB /* LaunchScreen.storyboard in Resources */ = {isa = PBXBuildFile; fileRef = 71368D9029757965005E8ADB /* LaunchScreen.storyboard */; };
		71368D9C297579EF005E8ADB /* ProfileController.swift in Sources */ = {isa = PBXBuildFile; fileRef = 71368D9B297579EF005E8ADB /* ProfileController.swift */; };
		71368D9E29757A98005E8ADB /* ProfileHeaderView.swift in Sources */ = {isa = PBXBuildFile; fileRef = 71368D9D29757A98005E8ADB /* ProfileHeaderView.swift */; };
		71368DA029757AA7005E8ADB /* ProfileFooterView.swift in Sources */ = {isa = PBXBuildFile; fileRef = 71368D9F29757AA7005E8ADB /* ProfileFooterView.swift */; };
		71368DA229757AC5005E8ADB /* ProfileCell.swift in Sources */ = {isa = PBXBuildFile; fileRef = 71368DA129757AC5005E8ADB /* ProfileCell.swift */; };
		71368DA42975D406005E8ADB /* Extension.swift in Sources */ = {isa = PBXBuildFile; fileRef = 71368DA32975D406005E8ADB /* Extension.swift */; };
/* End PBXBuildFile section */

/* Begin PBXFileReference section */
		71368D8229757964005E8ADB /* GithubMobile.app */ = {isa = PBXFileReference; explicitFileType = wrapper.application; includeInIndex = 0; path = GithubMobile.app; sourceTree = BUILT_PRODUCTS_DIR; };
		71368D8529757964005E8ADB /* AppDelegate.swift */ = {isa = PBXFileReference; lastKnownFileType = sourcecode.swift; path = AppDelegate.swift; sourceTree = "<group>"; };
		71368D8729757964005E8ADB /* SceneDelegate.swift */ = {isa = PBXFileReference; lastKnownFileType = sourcecode.swift; path = SceneDelegate.swift; sourceTree = "<group>"; };
		71368D8929757964005E8ADB /* ViewController.swift */ = {isa = PBXFileReference; lastKnownFileType = sourcecode.swift; path = ViewController.swift; sourceTree = "<group>"; };
		71368D8C29757964005E8ADB /* Base */ = {isa = PBXFileReference; lastKnownFileType = file.storyboard; name = Base; path = Base.lproj/Main.storyboard; sourceTree = "<group>"; };
		71368D8E29757965005E8ADB /* Assets.xcassets */ = {isa = PBXFileReference; lastKnownFileType = folder.assetcatalog; path = Assets.xcassets; sourceTree = "<group>"; };
		71368D9129757965005E8ADB /* Base */ = {isa = PBXFileReference; lastKnownFileType = file.storyboard; name = Base; path = Base.lproj/LaunchScreen.storyboard; sourceTree = "<group>"; };
		71368D9329757965005E8ADB /* Info.plist */ = {isa = PBXFileReference; lastKnownFileType = text.plist.xml; path = Info.plist; sourceTree = "<group>"; };
		71368D9B297579EF005E8ADB /* ProfileController.swift */ = {isa = PBXFileReference; lastKnownFileType = sourcecode.swift; path = ProfileController.swift; sourceTree = "<group>"; };
		71368D9D29757A98005E8ADB /* ProfileHeaderView.swift */ = {isa = PBXFileReference; lastKnownFileType = sourcecode.swift; path = ProfileHeaderView.swift; sourceTree = "<group>"; };
		71368D9F29757AA7005E8ADB /* ProfileFooterView.swift */ = {isa = PBXFileReference; lastKnownFileType = sourcecode.swift; path = ProfileFooterView.swift; sourceTree = "<group>"; };
		71368DA129757AC5005E8ADB /* ProfileCell.swift */ = {isa = PBXFileReference; lastKnownFileType = sourcecode.swift; path = ProfileCell.swift; sourceTree = "<group>"; };
		71368DA32975D406005E8ADB /* Extension.swift */ = {isa = PBXFileReference; fileEncoding = 4; lastKnownFileType = sourcecode.swift; path = Extension.swift; sourceTree = "<group>"; };
/* End PBXFileReference section */

/* Begin PBXFrameworksBuildPhase section */
		71368D7F29757964005E8ADB /* Frameworks */ = {
			isa = PBXFrameworksBuildPhase;
			buildActionMask = 2147483647;
			files = (
			);
			runOnlyForDeploymentPostprocessing = 0;
		};
/* End PBXFrameworksBuildPhase section */

/* Begin PBXGroup section */
		71368D7929757964005E8ADB = {
			isa = PBXGroup;
			children = (
				71368D8429757964005E8ADB /* GithubMobile */,
				71368D8329757964005E8ADB /* Products */,
			);
			sourceTree = "<group>";
		};
		71368D8329757964005E8ADB /* Products */ = {
			isa = PBXGroup;
			children = (
				71368D8229757964005E8ADB /* GithubMobile.app */,
			);
			name = Products;
			sourceTree = "<group>";
		};
		71368D8429757964005E8ADB /* GithubMobile */ = {
			isa = PBXGroup;
			children = (
				71368D9A2975797A005E8ADB /* Core */,
				71368D9929757977005E8ADB /* Screen */,
			);
			path = GithubMobile;
			sourceTree = "<group>";
		};
		71368D9929757977005E8ADB /* Screen */ = {
			isa = PBXGroup;
			children = (
				71368D9B297579EF005E8ADB /* ProfileController.swift */,
				71368DA129757AC5005E8ADB /* ProfileCell.swift */,
				71368D9D29757A98005E8ADB /* ProfileHeaderView.swift */,
				71368D9F29757AA7005E8ADB /* ProfileFooterView.swift */,
			);
			path = Screen;
			sourceTree = "<group>";
		};
		71368D9A2975797A005E8ADB /* Core */ = {
			isa = PBXGroup;
			children = (
				71368D8529757964005E8ADB /* AppDelegate.swift */,
				71368D8729757964005E8ADB /* SceneDelegate.swift */,
				71368D8929757964005E8ADB /* ViewController.swift */,
				71368DA32975D406005E8ADB /* Extension.swift */,
				71368D8B29757964005E8ADB /* Main.storyboard */,
				71368D9029757965005E8ADB /* LaunchScreen.storyboard */,
				71368D8E29757965005E8ADB /* Assets.xcassets */,
				71368D9329757965005E8ADB /* Info.plist */,
			);
			path = Core;
			sourceTree = "<group>";
		};
/* End PBXGroup section */

/* Begin PBXNativeTarget section */
		71368D8129757964005E8ADB /* GithubMobile */ = {
			isa = PBXNativeTarget;
			buildConfigurationList = 71368D9629757965005E8ADB /* Build configuration list for PBXNativeTarget "GithubMobile" */;
			buildPhases = (
				71368D7E29757964005E8ADB /* Sources */,
				71368D7F29757964005E8ADB /* Frameworks */,
				71368D8029757964005E8ADB /* Resources */,
			);
			buildRules = (
			);
			dependencies = (
			);
			name = GithubMobile;
			productName = GithubMobile;
			productReference = 71368D8229757964005E8ADB /* GithubMobile.app */;
			productType = "com.apple.product-type.application";
		};
/* End PBXNativeTarget section */

/* Begin PBXProject section */
		71368D7A29757964005E8ADB /* Project object */ = {
			isa = PBXProject;
			attributes = {
				BuildIndependentTargetsInParallel = 1;
				LastSwiftUpdateCheck = 1400;
				LastUpgradeCheck = 1400;
				TargetAttributes = {
					71368D8129757964005E8ADB = {
						CreatedOnToolsVersion = 14.0;
					};
				};
			};
			buildConfigurationList = 71368D7D29757964005E8ADB /* Build configuration list for PBXProject "GithubMobile" */;
			compatibilityVersion = "Xcode 14.0";
			developmentRegion = en;
			hasScannedForEncodings = 0;
			knownRegions = (
				en,
				Base,
			);
			mainGroup = 71368D7929757964005E8ADB;
			productRefGroup = 71368D8329757964005E8ADB /* Products */;
			projectDirPath = "";
			projectRoot = "";
			targets = (
				71368D8129757964005E8ADB /* GithubMobile */,
			);
		};
/* End PBXProject section */

/* Begin PBXResourcesBuildPhase section */
		71368D8029757964005E8ADB /* Resources */ = {
			isa = PBXResourcesBuildPhase;
			buildActionMask = 2147483647;
			files = (
				71368D9229757965005E8ADB /* LaunchScreen.storyboard in Resources */,
				71368D8F29757965005E8ADB /* Assets.xcassets in Resources */,
				71368D8D29757964005E8ADB /* Main.storyboard in Resources */,
			);
			runOnlyForDeploymentPostprocessing = 0;
		};
/* End PBXResourcesBuildPhase section */

/* Begin PBXSourcesBuildPhase section */
		71368D7E29757964005E8ADB /* Sources */ = {
			isa = PBXSourcesBuildPhase;
			buildActionMask = 2147483647;
			files = (
				71368D8A29757964005E8ADB /* ViewController.swift in Sources */,
				71368D8629757964005E8ADB /* AppDelegate.swift in Sources */,
				71368D9E29757A98005E8ADB /* ProfileHeaderView.swift in Sources */,
				71368D8829757964005E8ADB /* SceneDelegate.swift in Sources */,
				71368D9C297579EF005E8ADB /* ProfileController.swift in Sources */,
				71368DA029757AA7005E8ADB /* ProfileFooterView.swift in Sources */,
				71368DA229757AC5005E8ADB /* ProfileCell.swift in Sources */,
				71368DA42975D406005E8ADB /* Extension.swift in Sources */,
			);
			runOnlyForDeploymentPostprocessing = 0;
		};
/* End PBXSourcesBuildPhase section */

/* Begin PBXVariantGroup section */
		71368D8B29757964005E8ADB /* Main.storyboard */ = {
			isa = PBXVariantGroup;
			children = (
				71368D8C29757964005E8ADB /* Base */,
			);
			name = Main.storyboard;
			sourceTree = "<group>";
		};
		71368D9029757965005E8ADB /* LaunchScreen.storyboard */ = {
			isa = PBXVariantGroup;
			children = (
				71368D9129757965005E8ADB /* Base */,
			);
			name = LaunchScreen.storyboard;
			sourceTree = "<group>";
		};
/* End PBXVariantGroup section */

/* Begin XCBuildConfiguration section */
		71368D9429757965005E8ADB /* Debug */ = {
			isa = XCBuildConfiguration;
			buildSettings = {
				ALWAYS_SEARCH_USER_PATHS = NO;
				CLANG_ANALYZER_NONNULL = YES;
				CLANG_ANALYZER_NUMBER_OBJECT_CONVERSION = YES_AGGRESSIVE;
				CLANG_CXX_LANGUAGE_STANDARD = "gnu++20";
				CLANG_ENABLE_MODULES = YES;
				CLANG_ENABLE_OBJC_ARC = YES;
				CLANG_ENABLE_OBJC_WEAK = YES;
				CLANG_WARN_BLOCK_CAPTURE_AUTORELEASING = YES;
				CLANG_WARN_BOOL_CONVERSION = YES;
				CLANG_WARN_COMMA = YES;
				CLANG_WARN_CONSTANT_CONVERSION = YES;
				CLANG_WARN_DEPRECATED_OBJC_IMPLEMENTATIONS = YES;
				CLANG_WARN_DIRECT_OBJC_ISA_USAGE = YES_ERROR;
				CLANG_WARN_DOCUMENTATION_COMMENTS = YES;
				CLANG_WARN_EMPTY_BODY = YES;
				CLANG_WARN_ENUM_CONVERSION = YES;
				CLANG_WARN_INFINITE_RECURSION = YES;
				CLANG_WARN_INT_CONVERSION = YES;
				CLANG_WARN_NON_LITERAL_NULL_CONVERSION = YES;
				CLANG_WARN_OBJC_IMPLICIT_RETAIN_SELF = YES;
				CLANG_WARN_OBJC_LITERAL_CONVERSION = YES;
				CLANG_WARN_OBJC_ROOT_CLASS = YES_ERROR;
				CLANG_WARN_QUOTED_INCLUDE_IN_FRAMEWORK_HEADER = YES;
				CLANG_WARN_RANGE_LOOP_ANALYSIS = YES;
				CLANG_WARN_STRICT_PROTOTYPES = YES;
				CLANG_WARN_SUSPICIOUS_MOVE = YES;
				CLANG_WARN_UNGUARDED_AVAILABILITY = YES_AGGRESSIVE;
				CLANG_WARN_UNREACHABLE_CODE = YES;
				CLANG_WARN__DUPLICATE_METHOD_MATCH = YES;
				COPY_PHASE_STRIP = NO;
				DEBUG_INFORMATION_FORMAT = dwarf;
				ENABLE_STRICT_OBJC_MSGSEND = YES;
				ENABLE_TESTABILITY = YES;
				GCC_C_LANGUAGE_STANDARD = gnu11;
				GCC_DYNAMIC_NO_PIC = NO;
				GCC_NO_COMMON_BLOCKS = YES;
				GCC_OPTIMIZATION_LEVEL = 0;
				GCC_PREPROCESSOR_DEFINITIONS = (
					"DEBUG=1",
					"$(inherited)",
				);
				GCC_WARN_64_TO_32_BIT_CONVERSION = YES;
				GCC_WARN_ABOUT_RETURN_TYPE = YES_ERROR;
				GCC_WARN_UNDECLARED_SELECTOR = YES;
				GCC_WARN_UNINITIALIZED_AUTOS = YES_AGGRESSIVE;
				GCC_WARN_UNUSED_FUNCTION = YES;
				GCC_WARN_UNUSED_VARIABLE = YES;
				IPHONEOS_DEPLOYMENT_TARGET = 16.0;
				MTL_ENABLE_DEBUG_INFO = INCLUDE_SOURCE;
				MTL_FAST_MATH = YES;
				ONLY_ACTIVE_ARCH = YES;
				SDKROOT = iphoneos;
				SWIFT_ACTIVE_COMPILATION_CONDITIONS = DEBUG;
				SWIFT_OPTIMIZATION_LEVEL = "-Onone";
			};
			name = Debug;
		};
		71368D9529757965005E8ADB /* Release */ = {
			isa = XCBuildConfiguration;
			buildSettings = {
				ALWAYS_SEARCH_USER_PATHS = NO;
				CLANG_ANALYZER_NONNULL = YES;
				CLANG_ANALYZER_NUMBER_OBJECT_CONVERSION = YES_AGGRESSIVE;
				CLANG_CXX_LANGUAGE_STANDARD = "gnu++20";
				CLANG_ENABLE_MODULES = YES;
				CLANG_ENABLE_OBJC_ARC = YES;
				CLANG_ENABLE_OBJC_WEAK = YES;
				CLANG_WARN_BLOCK_CAPTURE_AUTORELEASING = YES;
				CLANG_WARN_BOOL_CONVERSION = YES;
				CLANG_WARN_COMMA = YES;
				CLANG_WARN_CONSTANT_CONVERSION = YES;
				CLANG_WARN_DEPRECATED_OBJC_IMPLEMENTATIONS = YES;
				CLANG_WARN_DIRECT_OBJC_ISA_USAGE = YES_ERROR;
				CLANG_WARN_DOCUMENTATION_COMMENTS = YES;
				CLANG_WARN_EMPTY_BODY = YES;
				CLANG_WARN_ENUM_CONVERSION = YES;
				CLANG_WARN_INFINITE_RECURSION = YES;
				CLANG_WARN_INT_CONVERSION = YES;
				CLANG_WARN_NON_LITERAL_NULL_CONVERSION = YES;
				CLANG_WARN_OBJC_IMPLICIT_RETAIN_SELF = YES;
				CLANG_WARN_OBJC_LITERAL_CONVERSION = YES;
				CLANG_WARN_OBJC_ROOT_CLASS = YES_ERROR;
				CLANG_WARN_QUOTED_INCLUDE_IN_FRAMEWORK_HEADER = YES;
				CLANG_WARN_RANGE_LOOP_ANALYSIS = YES;
				CLANG_WARN_STRICT_PROTOTYPES = YES;
				CLANG_WARN_SUSPICIOUS_MOVE = YES;
				CLANG_WARN_UNGUARDED_AVAILABILITY = YES_AGGRESSIVE;
				CLANG_WARN_UNREACHABLE_CODE = YES;
				CLANG_WARN__DUPLICATE_METHOD_MATCH = YES;
				COPY_PHASE_STRIP = NO;
				DEBUG_INFORMATION_FORMAT = "dwarf-with-dsym";
				ENABLE_NS_ASSERTIONS = NO;
				ENABLE_STRICT_OBJC_MSGSEND = YES;
				GCC_C_LANGUAGE_STANDARD = gnu11;
				GCC_NO_COMMON_BLOCKS = YES;
				GCC_WARN_64_TO_32_BIT_CONVERSION = YES;
				GCC_WARN_ABOUT_RETURN_TYPE = YES_ERROR;
				GCC_WARN_UNDECLARED_SELECTOR = YES;
				GCC_WARN_UNINITIALIZED_AUTOS = YES_AGGRESSIVE;
				GCC_WARN_UNUSED_FUNCTION = YES;
				GCC_WARN_UNUSED_VARIABLE = YES;
				IPHONEOS_DEPLOYMENT_TARGET = 16.0;
				MTL_ENABLE_DEBUG_INFO = NO;
				MTL_FAST_MATH = YES;
				SDKROOT = iphoneos;
				SWIFT_COMPILATION_MODE = wholemodule;
				SWIFT_OPTIMIZATION_LEVEL = "-O";
				VALIDATE_PRODUCT = YES;
			};
			name = Release;
		};
		71368D9729757965005E8ADB /* Debug */ = {
			isa = XCBuildConfiguration;
			buildSettings = {
				ASSETCATALOG_COMPILER_APPICON_NAME = AppIcon;
				ASSETCATALOG_COMPILER_GLOBAL_ACCENT_COLOR_NAME = AccentColor;
				CODE_SIGN_STYLE = Automatic;
				CURRENT_PROJECT_VERSION = 1;
				DEVELOPMENT_TEAM = FAHJ57W2W9;
				GENERATE_INFOPLIST_FILE = YES;
				INFOPLIST_FILE = GithubMobile/Core/Info.plist;
				INFOPLIST_KEY_UIApplicationSupportsIndirectInputEvents = YES;
				INFOPLIST_KEY_UILaunchStoryboardName = LaunchScreen;
				INFOPLIST_KEY_UIMainStoryboardFile = Main;
				INFOPLIST_KEY_UISupportedInterfaceOrientations_iPad = "UIInterfaceOrientationPortrait UIInterfaceOrientationPortraitUpsideDown UIInterfaceOrientationLandscapeLeft UIInterfaceOrientationLandscapeRight";
				INFOPLIST_KEY_UISupportedInterfaceOrientations_iPhone = "UIInterfaceOrientationPortrait UIInterfaceOrientationLandscapeLeft UIInterfaceOrientationLandscapeRight";
				LD_RUNPATH_SEARCH_PATHS = (
					"$(inherited)",
					"@executable_path/Frameworks",
				);
				MARKETING_VERSION = 1.0;
				PRODUCT_BUNDLE_IDENTIFIER = com.oguzhankin.GithubMobile;
				PRODUCT_NAME = "$(TARGET_NAME)";
				SWIFT_EMIT_LOC_STRINGS = YES;
				SWIFT_VERSION = 5.0;
				TARGETED_DEVICE_FAMILY = "1,2";
			};
			name = Debug;
		};
		71368D9829757965005E8ADB /* Release */ = {
			isa = XCBuildConfiguration;
			buildSettings = {
				ASSETCATALOG_COMPILER_APPICON_NAME = AppIcon;
				ASSETCATALOG_COMPILER_GLOBAL_ACCENT_COLOR_NAME = AccentColor;
				CODE_SIGN_STYLE = Automatic;
				CURRENT_PROJECT_VERSION = 1;
				DEVELOPMENT_TEAM = FAHJ57W2W9;
				GENERATE_INFOPLIST_FILE = YES;
				INFOPLIST_FILE = GithubMobile/Core/Info.plist;
				INFOPLIST_KEY_UIApplicationSupportsIndirectInputEvents = YES;
				INFOPLIST_KEY_UILaunchStoryboardName = LaunchScreen;
				INFOPLIST_KEY_UIMainStoryboardFile = Main;
				INFOPLIST_KEY_UISupportedInterfaceOrientations_iPad = "UIInterfaceOrientationPortrait UIInterfaceOrientationPortraitUpsideDown UIInterfaceOrientationLandscapeLeft UIInterfaceOrientationLandscapeRight";
				INFOPLIST_KEY_UISupportedInterfaceOrientations_iPhone = "UIInterfaceOrientationPortrait UIInterfaceOrientationLandscapeLeft UIInterfaceOrientationLandscapeRight";
				LD_RUNPATH_SEARCH_PATHS = (
					"$(inherited)",
					"@executable_path/Frameworks",
				);
				MARKETING_VERSION = 1.0;
				PRODUCT_BUNDLE_IDENTIFIER = com.oguzhankin.GithubMobile;
				PRODUCT_NAME = "$(TARGET_NAME)";
				SWIFT_EMIT_LOC_STRINGS = YES;
				SWIFT_VERSION = 5.0;
				TARGETED_DEVICE_FAMILY = "1,2";
			};
			name = Release;
		};
/* End XCBuildConfiguration section */

/* Begin XCConfigurationList section */
		71368D7D29757964005E8ADB /* Build configuration list for PBXProject "GithubMobile" */ = {
			isa = XCConfigurationList;
			buildConfigurations = (
				71368D9429757965005E8ADB /* Debug */,
				71368D9529757965005E8ADB /* Release */,
			);
			defaultConfigurationIsVisible = 0;
			defaultConfigurationName = Release;
		};
		71368D9629757965005E8ADB /* Build configuration list for PBXNativeTarget "GithubMobile" */ = {
			isa = XCConfigurationList;
			buildConfigurations = (
				71368D9729757965005E8ADB /* Debug */,
				71368D9829757965005E8ADB /* Release */,
			);
			defaultConfigurationIsVisible = 0;
			defaultConfigurationName = Release;
		};
/* End XCConfigurationList section */
	};
	rootObject = 71368D7A29757964005E8ADB /* Project object */;
}
